
Microsoft Visual Studio Solution File, Format Version 12.00
# Visual Studio Version 17
VisualStudioVersion = 17.0.31903.59
MinimumVisualStudioVersion = 10.0.40219.1
Project("{FAE04EC0-301F-11D3-BF4B-00C04F79EFBC}") = "Server.Core", "Server.Core\Server.Core.csproj", "{2B3920DA-3686-471A-A20F-5227A7402779}"
EndProject
Project("{FAE04EC0-301F-11D3-BF4B-00C04F79EFBC}") = "__DummyClient", "DummyClient\__DummyClient.csproj", "{9942C2EA-B637-4C8B-A94F-B566B7A7FB8A}"
EndProject
Project("{FAE04EC0-301F-11D3-BF4B-00C04F79EFBC}") = "Common", "Common\Common.csproj", "{0570202B-8DEF-4E26-B292-BE5A3B19EF07}"
EndProject
Project("{FAE04EC0-301F-11D3-BF4B-00C04F79EFBC}") = "Server.Chat", "Server.Chat\Server.Chat.csproj", "{09C47141-E0AE-4EA8-A9D9-3B1751E80204}"
EndProject
Global
	GlobalSection(SolutionConfigurationPlatforms) = preSolution
		Debug|Any CPU = Debug|Any CPU
		Debug|x64 = Debug|x64
		Debug|x86 = Debug|x86
		Release|Any CPU = Release|Any CPU
		Release|x64 = Release|x64
		Release|x86 = Release|x86
	EndGlobalSection
	GlobalSection(ProjectConfigurationPlatforms) = postSolution
		{2B3920DA-3686-471A-A20F-5227A7402779}.Debug|Any CPU.ActiveCfg = Debug|Any CPU
		{2B3920DA-3686-471A-A20F-5227A7402779}.Debug|Any CPU.Build.0 = Debug|Any CPU
		{2B3920DA-3686-471A-A20F-5227A7402779}.Debug|x64.ActiveCfg = Debug|Any CPU
		{2B3920DA-3686-471A-A20F-5227A7402779}.Debug|x64.Build.0 = Debug|Any CPU
		{2B3920DA-3686-471A-A20F-5227A7402779}.Debug|x86.ActiveCfg = Debug|Any CPU
		{2B3920DA-3686-471A-A20F-5227A7402779}.Debug|x86.Build.0 = Debug|Any CPU
		{2B3920DA-3686-471A-A20F-5227A7402779}.Release|Any CPU.ActiveCfg = Release|Any CPU
		{2B3920DA-3686-471A-A20F-5227A7402779}.Release|Any CPU.Build.0 = Release|Any CPU
		{2B3920DA-3686-471A-A20F-5227A7402779}.Release|x64.ActiveCfg = Release|Any CPU
		{2B3920DA-3686-471A-A20F-5227A7402779}.Release|x64.Build.0 = Release|Any CPU
		{2B3920DA-3686-471A-A20F-5227A7402779}.Release|x86.ActiveCfg = Release|Any CPU
		{2B3920DA-3686-471A-A20F-5227A7402779}.Release|x86.Build.0 = Release|Any CPU
		{9942C2EA-B637-4C8B-A94F-B566B7A7FB8A}.Debug|Any CPU.ActiveCfg = Debug|Any CPU
		{9942C2EA-B637-4C8B-A94F-B566B7A7FB8A}.Debug|Any CPU.Build.0 = Debug|Any CPU
		{9942C2EA-B637-4C8B-A94F-B566B7A7FB8A}.Debug|x64.ActiveCfg = Debug|Any CPU
		{9942C2EA-B637-4C8B-A94F-B566B7A7FB8A}.Debug|x64.Build.0 = Debug|Any CPU
		{9942C2EA-B637-4C8B-A94F-B566B7A7FB8A}.Debug|x86.ActiveCfg = Debug|Any CPU
		{9942C2EA-B637-4C8B-A94F-B566B7A7FB8A}.Debug|x86.Build.0 = Debug|Any CPU
		{9942C2EA-B637-4C8B-A94F-B566B7A7FB8A}.Release|Any CPU.ActiveCfg = Release|Any CPU
		{9942C2EA-B637-4C8B-A94F-B566B7A7FB8A}.Release|Any CPU.Build.0 = Release|Any CPU
		{9942C2EA-B637-4C8B-A94F-B566B7A7FB8A}.Release|x64.ActiveCfg = Release|Any CPU
		{9942C2EA-B637-4C8B-A94F-B566B7A7FB8A}.Release|x64.Build.0 = Release|Any CPU
		{9942C2EA-B637-4C8B-A94F-B566B7A7FB8A}.Release|x86.ActiveCfg = Release|Any CPU
		{9942C2EA-B637-4C8B-A94F-B566B7A7FB8A}.Release|x86.Build.0 = Release|Any CPU
		{0570202B-8DEF-4E26-B292-BE5A3B19EF07}.Debug|Any CPU.ActiveCfg = Debug|Any CPU
		{0570202B-8DEF-4E26-B292-BE5A3B19EF07}.Debug|Any CPU.Build.0 = Debug|Any CPU
		{0570202B-8DEF-4E26-B292-BE5A3B19EF07}.Debug|x64.ActiveCfg = Debug|Any CPU
		{0570202B-8DEF-4E26-B292-BE5A3B19EF07}.Debug|x64.Build.0 = Debug|Any CPU
		{0570202B-8DEF-4E26-B292-BE5A3B19EF07}.Debug|x86.ActiveCfg = Debug|Any CPU
		{0570202B-8DEF-4E26-B292-BE5A3B19EF07}.Debug|x86.Build.0 = Debug|Any CPU
		{0570202B-8DEF-4E26-B292-BE5A3B19EF07}.Release|Any CPU.ActiveCfg = Release|Any CPU
		{0570202B-8DEF-4E26-B292-BE5A3B19EF07}.Release|Any CPU.Build.0 = Release|Any CPU
		{0570202B-8DEF-4E26-B292-BE5A3B19EF07}.Release|x64.ActiveCfg = Release|Any CPU
		{0570202B-8DEF-4E26-B292-BE5A3B19EF07}.Release|x64.Build.0 = Release|Any CPU
		{0570202B-8DEF-4E26-B292-BE5A3B19EF07}.Release|x86.ActiveCfg = Release|Any CPU
		{0570202B-8DEF-4E26-B292-BE5A3B19EF07}.Release|x86.Build.0 = Release|Any CPU
		{09C47141-E0AE-4EA8-A9D9-3B1751E80204}.Debug|Any CPU.ActiveCfg = Debug|Any CPU
		{09C47141-E0AE-4EA8-A9D9-3B1751E80204}.Debug|Any CPU.Build.0 = Debug|Any CPU
		{09C47141-E0AE-4EA8-A9D9-3B1751E80204}.Debug|x64.ActiveCfg = Debug|Any CPU
		{09C47141-E0AE-4EA8-A9D9-3B1751E80204}.Debug|x64.Build.0 = Debug|Any CPU
		{09C47141-E0AE-4EA8-A9D9-3B1751E80204}.Debug|x86.ActiveCfg = Debug|Any CPU
		{09C47141-E0AE-4EA8-A9D9-3B1751E80204}.Debug|x86.Build.0 = Debug|Any CPU
		{09C47141-E0AE-4EA8-A9D9-3B1751E80204}.Release|Any CPU.ActiveCfg = Release|Any CPU
		{09C47141-E0AE-4EA8-A9D9-3B1751E80204}.Release|Any CPU.Build.0 = Release|Any CPU
		{09C47141-E0AE-4EA8-A9D9-3B1751E80204}.Release|x64.ActiveCfg = Release|Any CPU
		{09C47141-E0AE-4EA8-A9D9-3B1751E80204}.Release|x64.Build.0 = Release|Any CPU
		{09C47141-E0AE-4EA8-A9D9-3B1751E80204}.Release|x86.ActiveCfg = Release|Any CPU
		{09C47141-E0AE-4EA8-A9D9-3B1751E80204}.Release|x86.Build.0 = Release|Any CPU
	EndGlobalSection
	GlobalSection(SolutionProperties) = preSolution
		HideSolutionNode = FALSE
	EndGlobalSection
	GlobalSection(ExtensibilityGlobals) = postSolution
		SolutionGuid = {4BD969C0-F42E-4C4C-8619-D061A6024C26}
	EndGlobalSection
EndGlobal
